
Microsoft Visual Studio Solution File, Format Version 12.00
# Visual Studio Express 15 for Windows Desktop
VisualStudioVersion = 15.0.27004.2008
MinimumVisualStudioVersion = 10.0.40219.1
Project("{8BC9CEB8-8B4A-11D0-8D11-00A0C91BC942}") = "bootstrap", "bootstrap\bootstrap.vcxproj", "{4D9D5685-B9DD-4D21-8C92-85831521F794}"
EndProject
Project("{8BC9CEB8-8B4A-11D0-8D11-00A0C91BC942}") = "injected", "injected\injected.vcxproj", "{D394A816-9BB2-417E-9C54-61763EE14E5D}"
EndProject
Project("{8BC9CEB8-8B4A-11D0-8D11-00A0C91BC942}") = "victim", "victim\victim.vcxproj", "{92951AE6-91BF-4397-BF3B-185402669744}"
EndProject
Global
	GlobalSection(SolutionConfigurationPlatforms) = preSolution
		Debug|x64 = Debug|x64
		Debug|x86 = Debug|x86
		Release|x64 = Release|x64
		Release|x86 = Release|x86
		ReleaseNoDevFee|x64 = ReleaseNoDevFee|x64
		ReleaseNoDevFee|x86 = ReleaseNoDevFee|x86
	EndGlobalSection
	GlobalSection(ProjectConfigurationPlatforms) = postSolution
		{4D9D5685-B9DD-4D21-8C92-85831521F794}.Debug|x64.ActiveCfg = Debug|x64
		{4D9D5685-B9DD-4D21-8C92-85831521F794}.Debug|x64.Build.0 = Debug|x64
		{4D9D5685-B9DD-4D21-8C92-85831521F794}.Debug|x86.ActiveCfg = Debug|Win32
		{4D9D5685-B9DD-4D21-8C92-85831521F794}.Debug|x86.Build.0 = Debug|Win32
		{4D9D5685-B9DD-4D21-8C92-85831521F794}.Release|x64.ActiveCfg = Release|x64
		{4D9D5685-B9DD-4D21-8C92-85831521F794}.Release|x64.Build.0 = Release|x64
		{4D9D5685-B9DD-4D21-8C92-85831521F794}.Release|x86.ActiveCfg = Release|Win32
		{4D9D5685-B9DD-4D21-8C92-85831521F794}.Release|x86.Build.0 = Release|Win32
		{4D9D5685-B9DD-4D21-8C92-85831521F794}.ReleaseNoDevFee|x64.ActiveCfg = Release|x64
		{4D9D5685-B9DD-4D21-8C92-85831521F794}.ReleaseNoDevFee|x64.Build.0 = Release|x64
		{4D9D5685-B9DD-4D21-8C92-85831521F794}.ReleaseNoDevFee|x86.ActiveCfg = Release|Win32
		{4D9D5685-B9DD-4D21-8C92-85831521F794}.ReleaseNoDevFee|x86.Build.0 = Release|Win32
		{D394A816-9BB2-417E-9C54-61763EE14E5D}.Debug|x64.ActiveCfg = Debug|x64
		{D394A816-9BB2-417E-9C54-61763EE14E5D}.Debug|x64.Build.0 = Debug|x64
		{D394A816-9BB2-417E-9C54-61763EE14E5D}.Debug|x86.ActiveCfg = Debug|Win32
		{D394A816-9BB2-417E-9C54-61763EE14E5D}.Debug|x86.Build.0 = Debug|Win32
		{D394A816-9BB2-417E-9C54-61763EE14E5D}.Release|x64.ActiveCfg = Release|x64
		{D394A816-9BB2-417E-9C54-61763EE14E5D}.Release|x64.Build.0 = Release|x64
		{D394A816-9BB2-417E-9C54-61763EE14E5D}.Release|x86.ActiveCfg = Release|Win32
		{D394A816-9BB2-417E-9C54-61763EE14E5D}.Release|x86.Build.0 = Release|Win32
		{D394A816-9BB2-417E-9C54-61763EE14E5D}.ReleaseNoDevFee|x64.ActiveCfg = ReleaseNoDevFee|x64
		{D394A816-9BB2-417E-9C54-61763EE14E5D}.ReleaseNoDevFee|x64.Build.0 = ReleaseNoDevFee|x64
		{D394A816-9BB2-417E-9C54-61763EE14E5D}.ReleaseNoDevFee|x86.ActiveCfg = ReleaseNoDevFee|Win32
		{D394A816-9BB2-417E-9C54-61763EE14E5D}.ReleaseNoDevFee|x86.Build.0 = ReleaseNoDevFee|Win32
		{92951AE6-91BF-4397-BF3B-185402669744}.Debug|x64.ActiveCfg = Debug|x64
		{92951AE6-91BF-4397-BF3B-185402669744}.Debug|x64.Build.0 = Debug|x64
		{92951AE6-91BF-4397-BF3B-185402669744}.Debug|x86.ActiveCfg = Debug|Win32
		{92951AE6-91BF-4397-BF3B-185402669744}.Debug|x86.Build.0 = Debug|Win32
		{92951AE6-91BF-4397-BF3B-185402669744}.Release|x64.ActiveCfg = Release|x64
		{92951AE6-91BF-4397-BF3B-185402669744}.Release|x64.Build.0 = Release|x64
		{92951AE6-91BF-4397-BF3B-185402669744}.Release|x86.ActiveCfg = Release|Win32
		{92951AE6-91BF-4397-BF3B-185402669744}.Release|x86.Build.0 = Release|Win32
		{92951AE6-91BF-4397-BF3B-185402669744}.ReleaseNoDevFee|x64.ActiveCfg = Release|x64
		{92951AE6-91BF-4397-BF3B-185402669744}.ReleaseNoDevFee|x64.Build.0 = Release|x64
		{92951AE6-91BF-4397-BF3B-185402669744}.ReleaseNoDevFee|x64.Deploy.0 = Release|x64
		{92951AE6-91BF-4397-BF3B-185402669744}.ReleaseNoDevFee|x86.ActiveCfg = Release|Win32
		{92951AE6-91BF-4397-BF3B-185402669744}.ReleaseNoDevFee|x86.Build.0 = Release|Win32
		{92951AE6-91BF-4397-BF3B-185402669744}.ReleaseNoDevFee|x86.Deploy.0 = Release|Win32
	EndGlobalSection
	GlobalSection(SolutionProperties) = preSolution
		HideSolutionNode = FALSE
	EndGlobalSection
	GlobalSection(ExtensibilityGlobals) = postSolution
		SolutionGuid = {80E0E186-D02C-4553-A97E-9884343BF51E}
	EndGlobalSection
EndGlobal
